
Microsoft Visual Studio Solution File, Format Version 12.00
# Visual Studio Version 17
VisualStudioVersion = 17.9.34728.123
MinimumVisualStudioVersion = 10.0.40219.1
Project("{8BC9CEB8-8B4A-11D0-8D11-00A0C91BC942}") = "numberInWordsV4", "numberInWordsV4.vcxproj", "{874C96AA-3C29-4A7D-9A55-ECB1C65DE068}"
EndProject
Global
	GlobalSection(SolutionConfigurationPlatforms) = preSolution
		Debug|x64 = Debug|x64
		Debug|x86 = Debug|x86
		Release|x64 = Release|x64
		Release|x86 = Release|x86
	EndGlobalSection
	GlobalSection(ProjectConfigurationPlatforms) = postSolution
		{874C96AA-3C29-4A7D-9A55-ECB1C65DE068}.Debug|x64.ActiveCfg = Debug|x64
		{874C96AA-3C29-4A7D-9A55-ECB1C65DE068}.Debug|x64.Build.0 = Debug|x64
		{874C96AA-3C29-4A7D-9A55-ECB1C65DE068}.Debug|x86.ActiveCfg = Debug|Win32
		{874C96AA-3C29-4A7D-9A55-ECB1C65DE068}.Debug|x86.Build.0 = Debug|Win32
		{874C96AA-3C29-4A7D-9A55-ECB1C65DE068}.Release|x64.ActiveCfg = Release|x64
		{874C96AA-3C29-4A7D-9A55-ECB1C65DE068}.Release|x64.Build.0 = Release|x64
		{874C96AA-3C29-4A7D-9A55-ECB1C65DE068}.Release|x86.ActiveCfg = Release|Win32
		{874C96AA-3C29-4A7D-9A55-ECB1C65DE068}.Release|x86.Build.0 = Release|Win32
	EndGlobalSection
	GlobalSection(SolutionProperties) = preSolution
		HideSolutionNode = FALSE
	EndGlobalSection
	GlobalSection(ExtensibilityGlobals) = postSolution
		SolutionGuid = {E323D87D-C551-4CF2-9E22-179F9AB1A734}
	EndGlobalSection
EndGlobal
